<?xml version="1.0" encoding="utf-8"?>
<Project ToolsVersion="4.0" xmlns="http://schemas.microsoft.com/developer/msbuild/2003">
  <ItemGroup>
    <Filter Include="cat">
      <UniqueIdentifier>{93995380-89BD-4b04-88EB-625FBE52EBFB}</UniqueIdentifier>
      <Extensions>h;hh;hpp;hxx;h++;hm;inl;inc;ipp;xsd</Extensions>
    </Filter>
    <Filter Include="parrot">
      <UniqueIdentifier>{67DA6AB6-F800-4c08-8B7A-83BB121AAD01}</UniqueIdentifier>
      <Extensions>rc;ico;cur;bmp;dlg;rc2;rct;bin;rgs;gif;jpg;jpeg;jpe;resx;tiff;tif;png;wav;mfcribbon-ms</Extensions>
    </Filter>
    <Filter Include="dog">
      <UniqueIdentifier>{4FC737F1-C7A5-4376-A066-2A32D752A2FF}</UniqueIdentifier>
      <Extensions>cpp;c;cc;cxx;c++;cppm;ixx;def;odl;idl;hpj;bat;asm;asmx</Extensions>
    </Filter>
    <Filter Include="main">
      <UniqueIdentifier>{e3dea4fc-3606-4270-bf8c-15e01527e874}</UniqueIdentifier>
    </Filter>
    <Filter Include="Pet">
      <UniqueIdentifier>{a1ca7186-79b1-400d-a9b6-11b40b57368a}</UniqueIdentifier>
    </Filter>
  </ItemGroup>
  <ItemGroup>
    <ClCompile Include="cat.cpp">
      <Filter>cat</Filter>
    </ClCompile>
    <ClCompile Include="parrot.cpp">
      <Filter>parrot</Filter>
    </ClCompile>
    <ClCompile Include="dog.cpp">
      <Filter>dog</Filter>
    </ClCompile>
    <ClCompile Include="main.cpp">
      <Filter>main</Filter>
    </ClCompile>
    <ClCompile Include="pet.cpp">
      <Filter>Pet</Filter>
    </ClCompile>
  </ItemGroup>
  <ItemGroup>
    <ClInclude Include="cat.h">
      <Filter>cat</Filter>
    </ClInclude>
    <ClInclude Include="parrot.h">
      <Filter>parrot</Filter>
    </ClInclude>
    <ClInclude Include="dog.h">
      <Filter>dog</Filter>
    </ClInclude>
    <ClInclude Include="pet.h">
      <Filter>Pet</Filter>
    </ClInclude>
  </ItemGroup>
</Project>